
Microsoft Visual Studio Solution File, Format Version 12.00
# Visual Studio Version 17
VisualStudioVersion = 17.9.34616.47
MinimumVisualStudioVersion = 10.0.40219.1
Project("{9A19103F-16F7-4668-BE54-9A1E7A4F7556}") = "ToDo.API", "ToDo.API\ToDo.API.csproj", "{D0257CB1-CD8E-4D26-A74D-3062AB6E4435}"
EndProject
Project("{2150E333-8FDC-42A3-9474-1A3956D46DE8}") = "src", "src", "{7E0463FC-5441-44A9-A5ED-26B529BF345D}"
EndProject
Project("{2150E333-8FDC-42A3-9474-1A3956D46DE8}") = "core", "core", "{A33DD700-A705-4440-801C-ED517C390A9E}"
EndProject
Project("{2150E333-8FDC-42A3-9474-1A3956D46DE8}") = "presentation", "presentation", "{F75124C7-97DD-4C0F-A47F-7E9EC49F25FB}"
EndProject
Project("{2150E333-8FDC-42A3-9474-1A3956D46DE8}") = "infrastructure", "infrastructure", "{B5F6E2A5-B330-4AE8-8E0B-705B2D168864}"
EndProject
Project("{9A19103F-16F7-4668-BE54-9A1E7A4F7556}") = "ToDo.Domain", "ToDo.Domain\ToDo.Domain.csproj", "{7DD0C250-5DC9-4C5C-878A-08AC750FD249}"
EndProject
Project("{9A19103F-16F7-4668-BE54-9A1E7A4F7556}") = "ToDo.Persistence", "ToDo.Persistence\ToDo.Persistence.csproj", "{BE799290-3712-45D5-8EC9-E3D67E2288A8}"
EndProject
Project("{9A19103F-16F7-4668-BE54-9A1E7A4F7556}") = "ToDo.Infrastructure", "ToDo.Infrastructure\ToDo.Infrastructure.csproj", "{95F2A829-A054-4029-B2BA-E3C774A5A4A3}"
EndProject
Project("{FAE04EC0-301F-11D3-BF4B-00C04F79EFBC}") = "ToDo.Application", "ToDo.Application\ToDo.Application.csproj", "{C4279FB6-49BB-4338-8E45-43DC85CC87D5}"
EndProject
Global
	GlobalSection(SolutionConfigurationPlatforms) = preSolution
		Debug|Any CPU = Debug|Any CPU
		Release|Any CPU = Release|Any CPU
	EndGlobalSection
	GlobalSection(ProjectConfigurationPlatforms) = postSolution
		{D0257CB1-CD8E-4D26-A74D-3062AB6E4435}.Debug|Any CPU.ActiveCfg = Debug|Any CPU
		{D0257CB1-CD8E-4D26-A74D-3062AB6E4435}.Debug|Any CPU.Build.0 = Debug|Any CPU
		{D0257CB1-CD8E-4D26-A74D-3062AB6E4435}.Release|Any CPU.ActiveCfg = Release|Any CPU
		{D0257CB1-CD8E-4D26-A74D-3062AB6E4435}.Release|Any CPU.Build.0 = Release|Any CPU
		{7DD0C250-5DC9-4C5C-878A-08AC750FD249}.Debug|Any CPU.ActiveCfg = Debug|Any CPU
		{7DD0C250-5DC9-4C5C-878A-08AC750FD249}.Debug|Any CPU.Build.0 = Debug|Any CPU
		{7DD0C250-5DC9-4C5C-878A-08AC750FD249}.Release|Any CPU.ActiveCfg = Release|Any CPU
		{7DD0C250-5DC9-4C5C-878A-08AC750FD249}.Release|Any CPU.Build.0 = Release|Any CPU
		{BE799290-3712-45D5-8EC9-E3D67E2288A8}.Debug|Any CPU.ActiveCfg = Debug|Any CPU
		{BE799290-3712-45D5-8EC9-E3D67E2288A8}.Debug|Any CPU.Build.0 = Debug|Any CPU
		{BE799290-3712-45D5-8EC9-E3D67E2288A8}.Release|Any CPU.ActiveCfg = Release|Any CPU
		{BE799290-3712-45D5-8EC9-E3D67E2288A8}.Release|Any CPU.Build.0 = Release|Any CPU
		{95F2A829-A054-4029-B2BA-E3C774A5A4A3}.Debug|Any CPU.ActiveCfg = Debug|Any CPU
		{95F2A829-A054-4029-B2BA-E3C774A5A4A3}.Debug|Any CPU.Build.0 = Debug|Any CPU
		{95F2A829-A054-4029-B2BA-E3C774A5A4A3}.Release|Any CPU.ActiveCfg = Release|Any CPU
		{95F2A829-A054-4029-B2BA-E3C774A5A4A3}.Release|Any CPU.Build.0 = Release|Any CPU
		{C4279FB6-49BB-4338-8E45-43DC85CC87D5}.Debug|Any CPU.ActiveCfg = Debug|Any CPU
		{C4279FB6-49BB-4338-8E45-43DC85CC87D5}.Debug|Any CPU.Build.0 = Debug|Any CPU
		{C4279FB6-49BB-4338-8E45-43DC85CC87D5}.Release|Any CPU.ActiveCfg = Release|Any CPU
		{C4279FB6-49BB-4338-8E45-43DC85CC87D5}.Release|Any CPU.Build.0 = Release|Any CPU
	EndGlobalSection
	GlobalSection(SolutionProperties) = preSolution
		HideSolutionNode = FALSE
	EndGlobalSection
	GlobalSection(NestedProjects) = preSolution
		{D0257CB1-CD8E-4D26-A74D-3062AB6E4435} = {F75124C7-97DD-4C0F-A47F-7E9EC49F25FB}
		{A33DD700-A705-4440-801C-ED517C390A9E} = {7E0463FC-5441-44A9-A5ED-26B529BF345D}
		{F75124C7-97DD-4C0F-A47F-7E9EC49F25FB} = {7E0463FC-5441-44A9-A5ED-26B529BF345D}
		{B5F6E2A5-B330-4AE8-8E0B-705B2D168864} = {7E0463FC-5441-44A9-A5ED-26B529BF345D}
		{7DD0C250-5DC9-4C5C-878A-08AC750FD249} = {A33DD700-A705-4440-801C-ED517C390A9E}
		{BE799290-3712-45D5-8EC9-E3D67E2288A8} = {B5F6E2A5-B330-4AE8-8E0B-705B2D168864}
		{95F2A829-A054-4029-B2BA-E3C774A5A4A3} = {B5F6E2A5-B330-4AE8-8E0B-705B2D168864}
		{C4279FB6-49BB-4338-8E45-43DC85CC87D5} = {A33DD700-A705-4440-801C-ED517C390A9E}
	EndGlobalSection
	GlobalSection(ExtensibilityGlobals) = postSolution
		SolutionGuid = {94DAC932-65DF-435C-8E27-F4A8601C10FD}
	EndGlobalSection
EndGlobal
